
Microsoft Visual Studio Solution File, Format Version 12.00
# Visual Studio Version 17
VisualStudioVersion = 17.10.34916.146
MinimumVisualStudioVersion = 10.0.40219.1
Project("{FAE04EC0-301F-11D3-BF4B-00C04F79EFBC}") = "FastFood", "FastFood\FastFood.csproj", "{37012161-5A67-42FD-98D0-B9209EAB6D26}"
EndProject
Global
	GlobalSection(SolutionConfigurationPlatforms) = preSolution
		Debug|Any CPU = Debug|Any CPU
		Release|Any CPU = Release|Any CPU
	EndGlobalSection
	GlobalSection(ProjectConfigurationPlatforms) = postSolution
		{37012161-5A67-42FD-98D0-B9209EAB6D26}.Debug|Any CPU.ActiveCfg = Debug|Any CPU
		{37012161-5A67-42FD-98D0-B9209EAB6D26}.Debug|Any CPU.Build.0 = Debug|Any CPU
		{37012161-5A67-42FD-98D0-B9209EAB6D26}.Release|Any CPU.ActiveCfg = Release|Any CPU
		{37012161-5A67-42FD-98D0-B9209EAB6D26}.Release|Any CPU.Build.0 = Release|Any CPU
	EndGlobalSection
	GlobalSection(SolutionProperties) = preSolution
		HideSolutionNode = FALSE
	EndGlobalSection
	GlobalSection(ExtensibilityGlobals) = postSolution
		SolutionGuid = {F6766019-7964-43FD-8657-1D64CBD2B64B}
	EndGlobalSection
EndGlobal
